{
  "version": 4,
  "terraform_version": "1.14.8",
  "serial": 61,
  "lineage": "b137c7d8-2e18-683e-da70-4bb259d09fe4",
  "outputs": {
    "agent_ips": {
      "value": {
        "k3s-agent-01": "192.168.178.111",
        "k3s-agent-02": "192.168.178.112",
        "k3s-agent-03": "192.168.178.113"
      },
      "type": [
        "object",
        {
          "k3s-agent-01": "string",
          "k3s-agent-02": "string",
          "k3s-agent-03": "string"
        }
      ]
    },
    "server_ips": {
      "value": {
        "k3s-server-01": "192.168.178.110"
      },
      "type": [
        "object",
        {
          "k3s-server-01": "string"
        }
      ]
    }
  },
  "resources": [
    {
      "mode": "managed",
      "type": "proxmox_virtual_environment_vm",
      "name": "k3s_nodes",
      "provider": "provider[\"registry.terraform.io/bpg/proxmox\"]",
      "instances": [
        {
          "index_key": "k3s-agent-01",
          "schema_version": 0,
          "attributes": {
            "acpi": true,
            "agent": [],
            "amd_sev": [],
            "audio_device": [],
            "bios": "seabios",
            "boot_order": [
              "scsi0"
            ],
            "cdrom": [],
            "clone": [
              {
                "datastore_id": "",
                "full": true,
                "node_name": "",
                "retries": 1,
                "vm_id": 9000
              }
            ],
            "cpu": [
              {
                "affinity": "",
                "architecture": "",
                "cores": 4,
                "flags": null,
                "hotplugged": 0,
                "limit": 0,
                "numa": false,
                "sockets": 1,
                "type": "x86-64-v3",
                "units": 0
              }
            ],
            "delete_unreferenced_disks_on_destroy": true,
            "description": null,
            "disk": [
              {
                "aio": "io_uring",
                "backup": true,
                "cache": "none",
                "datastore_id": "local-lvm",
                "discard": "on",
                "file_format": "raw",
                "file_id": "",
                "import_from": "",
                "interface": "scsi0",
                "iothread": false,
                "path_in_datastore": "vm-102-disk-0",
                "replicate": true,
                "serial": "",
                "size": 40,
                "speed": [],
                "ssd": false
              }
            ],
            "efi_disk": [],
            "hook_script_file_id": null,
            "hostpci": [],
            "hotplug": null,
            "id": "102",
            "initialization": [
              {
                "datastore_id": "local-lvm",
                "dns": [],
                "file_format": "",
                "interface": "ide2",
                "ip_config": [
                  {
                    "ipv4": [
                      {
                        "address": "192.168.178.111/24",
                        "gateway": "192.168.178.1"
                      }
                    ],
                    "ipv6": []
                  }
                ],
                "meta_data_file_id": "",
                "network_data_file_id": "",
                "type": "",
                "upgrade": true,
                "user_account": [
                  {
                    "keys": [
                      "ssh-ed25519 AAAAC3NzaC1lZDI1NTE5AAAAIDlAUl50/xTUaHB5c1mCTEKvGPJ5AK8LM41kfJMcVCz7"
                    ],
                    "password": "",
                    "username": "ubuntu"
                  }
                ],
                "user_data_file_id": "",
                "vendor_data_file_id": ""
              }
            ],
            "ipv4_addresses": [],
            "ipv6_addresses": [],
            "keyboard_layout": "en-us",
            "kvm_arguments": null,
            "mac_addresses": [],
            "machine": null,
            "memory": [
              {
                "dedicated": 8192,
                "floating": 0,
                "hugepages": "",
                "keep_hugepages": false,
                "shared": 0
              }
            ],
            "migrate": false,
            "name": "k3s-agent-01",
            "network_device": [
              {
                "bridge": "vmbr0",
                "disconnected": false,
                "enabled": true,
                "firewall": false,
                "mac_address": "BC:24:11:05:6E:31",
                "model": "virtio",
                "mtu": 0,
                "queues": 0,
                "rate_limit": 0,
                "trunks": "",
                "vlan_id": 0
              }
            ],
            "network_interface_names": [],
            "node_name": "Pve",
            "numa": [],
            "on_boot": true,
            "operating_system": [
              {
                "type": "l26"
              }
            ],
            "pool_id": "",
            "protection": false,
            "purge_on_destroy": true,
            "reboot": false,
            "reboot_after_update": true,
            "rng": [],
            "scsi_hardware": "virtio-scsi-pci",
            "serial_device": [],
            "smbios": [],
            "started": true,
            "startup": [],
            "stop_on_destroy": false,
            "tablet_device": true,
            "tags": [
              "agent",
              "k3s"
            ],
            "template": false,
            "timeout_clone": 1800,
            "timeout_create": 1800,
            "timeout_migrate": 1800,
            "timeout_move_disk": 1800,
            "timeout_reboot": 1800,
            "timeout_shutdown_vm": 1800,
            "timeout_start_vm": 1800,
            "timeout_stop_vm": 300,
            "tpm_state": [],
            "usb": [],
            "vga": [
              {
                "clipboard": "",
                "memory": 16,
                "type": "serial0"
              }
            ],
            "virtiofs": [],
            "vm_id": 102,
            "watchdog": []
          },
          "sensitive_attributes": [
            [
              {
                "type": "get_attr",
                "value": "initialization"
              },
              {
                "type": "index",
                "value": {
                  "value": 0,
                  "type": "number"
                }
              },
              {
                "type": "get_attr",
                "value": "user_account"
              },
              {
                "type": "index",
                "value": {
                  "value": 0,
                  "type": "number"
                }
              },
              {
                "type": "get_attr",
                "value": "password"
              }
            ]
          ],
          "identity_schema_version": 0,
          "private": "bnVsbA=="
        },
        {
          "index_key": "k3s-agent-02",
          "schema_version": 0,
          "attributes": {
            "acpi": true,
            "agent": [],
            "amd_sev": [],
            "audio_device": [],
            "bios": "seabios",
            "boot_order": [
              "scsi0"
            ],
            "cdrom": [],
            "clone": [
              {
                "datastore_id": "",
                "full": true,
                "node_name": "",
                "retries": 1,
                "vm_id": 9000
              }
            ],
            "cpu": [
              {
                "affinity": "",
                "architecture": "",
                "cores": 4,
                "flags": null,
                "hotplugged": 0,
                "limit": 0,
                "numa": false,
                "sockets": 1,
                "type": "x86-64-v3",
                "units": 0
              }
            ],
            "delete_unreferenced_disks_on_destroy": true,
            "description": null,
            "disk": [
              {
                "aio": "io_uring",
                "backup": true,
                "cache": "none",
                "datastore_id": "local-lvm",
                "discard": "on",
                "file_format": "raw",
                "file_id": "",
                "import_from": "",
                "interface": "scsi0",
                "iothread": false,
                "path_in_datastore": "vm-105-disk-0",
                "replicate": true,
                "serial": "",
                "size": 40,
                "speed": [],
                "ssd": false
              }
            ],
            "efi_disk": [],
            "hook_script_file_id": null,
            "hostpci": [],
            "hotplug": null,
            "id": "105",
            "initialization": [
              {
                "datastore_id": "local-lvm",
                "dns": [],
                "file_format": "",
                "interface": "ide2",
                "ip_config": [
                  {
                    "ipv4": [
                      {
                        "address": "192.168.178.112/24",
                        "gateway": "192.168.178.1"
                      }
                    ],
                    "ipv6": []
                  }
                ],
                "meta_data_file_id": "",
                "network_data_file_id": "",
                "type": "",
                "upgrade": true,
                "user_account": [
                  {
                    "keys": [
                      "ssh-ed25519 AAAAC3NzaC1lZDI1NTE5AAAAIDlAUl50/xTUaHB5c1mCTEKvGPJ5AK8LM41kfJMcVCz7"
                    ],
                    "password": "",
                    "username": "ubuntu"
                  }
                ],
                "user_data_file_id": "",
                "vendor_data_file_id": ""
              }
            ],
            "ipv4_addresses": [],
            "ipv6_addresses": [],
            "keyboard_layout": "en-us",
            "kvm_arguments": null,
            "mac_addresses": [],
            "machine": null,
            "memory": [
              {
                "dedicated": 8192,
                "floating": 0,
                "hugepages": "",
                "keep_hugepages": false,
                "shared": 0
              }
            ],
            "migrate": false,
            "name": "k3s-agent-02",
            "network_device": [
              {
                "bridge": "vmbr0",
                "disconnected": false,
                "enabled": true,
                "firewall": false,
                "mac_address": "BC:24:11:5E:64:7E",
                "model": "virtio",
                "mtu": 0,
                "queues": 0,
                "rate_limit": 0,
                "trunks": "",
                "vlan_id": 0
              }
            ],
            "network_interface_names": [],
            "node_name": "Pve",
            "numa": [],
            "on_boot": true,
            "operating_system": [
              {
                "type": "l26"
              }
            ],
            "pool_id": "",
            "protection": false,
            "purge_on_destroy": true,
            "reboot": false,
            "reboot_after_update": true,
            "rng": [],
            "scsi_hardware": "virtio-scsi-pci",
            "serial_device": [],
            "smbios": [],
            "started": true,
            "startup": [],
            "stop_on_destroy": false,
            "tablet_device": true,
            "tags": [
              "agent",
              "k3s"
            ],
            "template": false,
            "timeout_clone": 1800,
            "timeout_create": 1800,
            "timeout_migrate": 1800,
            "timeout_move_disk": 1800,
            "timeout_reboot": 1800,
            "timeout_shutdown_vm": 1800,
            "timeout_start_vm": 1800,
            "timeout_stop_vm": 300,
            "tpm_state": [],
            "usb": [],
            "vga": [
              {
                "clipboard": "",
                "memory": 16,
                "type": "serial0"
              }
            ],
            "virtiofs": [],
            "vm_id": 105,
            "watchdog": []
          },
          "sensitive_attributes": [
            [
              {
                "type": "get_attr",
                "value": "initialization"
              },
              {
                "type": "index",
                "value": {
                  "value": 0,
                  "type": "number"
                }
              },
              {
                "type": "get_attr",
                "value": "user_account"
              },
              {
                "type": "index",
                "value": {
                  "value": 0,
                  "type": "number"
                }
              },
              {
                "type": "get_attr",
                "value": "password"
              }
            ]
          ],
          "identity_schema_version": 0,
          "private": "bnVsbA=="
        },
        {
          "index_key": "k3s-agent-03",
          "schema_version": 0,
          "attributes": {
            "acpi": true,
            "agent": [],
            "amd_sev": [],
            "audio_device": [],
            "bios": "seabios",
            "boot_order": [
              "scsi0"
            ],
            "cdrom": [],
            "clone": [
              {
                "datastore_id": "",
                "full": true,
                "node_name": "",
                "retries": 1,
                "vm_id": 9000
              }
            ],
            "cpu": [
              {
                "affinity": "",
                "architecture": "",
                "cores": 4,
                "flags": null,
                "hotplugged": 0,
                "limit": 0,
                "numa": false,
                "sockets": 1,
                "type": "x86-64-v3",
                "units": 0
              }
            ],
            "delete_unreferenced_disks_on_destroy": true,
            "description": null,
            "disk": [
              {
                "aio": "io_uring",
                "backup": true,
                "cache": "none",
                "datastore_id": "local-lvm",
                "discard": "on",
                "file_format": "raw",
                "file_id": "",
                "import_from": "",
                "interface": "scsi0",
                "iothread": false,
                "path_in_datastore": "vm-104-disk-0",
                "replicate": true,
                "serial": "",
                "size": 40,
                "speed": [],
                "ssd": false
              }
            ],
            "efi_disk": [],
            "hook_script_file_id": null,
            "hostpci": [],
            "hotplug": null,
            "id": "104",
            "initialization": [
              {
                "datastore_id": "local-lvm",
                "dns": [],
                "file_format": "",
                "interface": "ide2",
                "ip_config": [
                  {
                    "ipv4": [
                      {
                        "address": "192.168.178.113/24",
                        "gateway": "192.168.178.1"
                      }
                    ],
                    "ipv6": []
                  }
                ],
                "meta_data_file_id": "",
                "network_data_file_id": "",
                "type": "",
                "upgrade": true,
                "user_account": [
                  {
                    "keys": [
                      "ssh-ed25519 AAAAC3NzaC1lZDI1NTE5AAAAIDlAUl50/xTUaHB5c1mCTEKvGPJ5AK8LM41kfJMcVCz7"
                    ],
                    "password": "",
                    "username": "ubuntu"
                  }
                ],
                "user_data_file_id": "",
                "vendor_data_file_id": ""
              }
            ],
            "ipv4_addresses": [],
            "ipv6_addresses": [],
            "keyboard_layout": "en-us",
            "kvm_arguments": null,
            "mac_addresses": [],
            "machine": null,
            "memory": [
              {
                "dedicated": 8192,
                "floating": 0,
                "hugepages": "",
                "keep_hugepages": false,
                "shared": 0
              }
            ],
            "migrate": false,
            "name": "k3s-agent-03",
            "network_device": [
              {
                "bridge": "vmbr0",
                "disconnected": false,
                "enabled": true,
                "firewall": false,
                "mac_address": "BC:24:11:F3:4D:C6",
                "model": "virtio",
                "mtu": 0,
                "queues": 0,
                "rate_limit": 0,
                "trunks": "",
                "vlan_id": 0
              }
            ],
            "network_interface_names": [],
            "node_name": "Pve",
            "numa": [],
            "on_boot": true,
            "operating_system": [
              {
                "type": "l26"
              }
            ],
            "pool_id": "",
            "protection": false,
            "purge_on_destroy": true,
            "reboot": false,
            "reboot_after_update": true,
            "rng": [],
            "scsi_hardware": "virtio-scsi-pci",
            "serial_device": [],
            "smbios": [],
            "started": true,
            "startup": [],
            "stop_on_destroy": false,
            "tablet_device": true,
            "tags": [
              "agent",
              "k3s"
            ],
            "template": false,
            "timeout_clone": 1800,
            "timeout_create": 1800,
            "timeout_migrate": 1800,
            "timeout_move_disk": 1800,
            "timeout_reboot": 1800,
            "timeout_shutdown_vm": 1800,
            "timeout_start_vm": 1800,
            "timeout_stop_vm": 300,
            "tpm_state": [],
            "usb": [],
            "vga": [
              {
                "clipboard": "",
                "memory": 16,
                "type": "serial0"
              }
            ],
            "virtiofs": [],
            "vm_id": 104,
            "watchdog": []
          },
          "sensitive_attributes": [
            [
              {
                "type": "get_attr",
                "value": "initialization"
              },
              {
                "type": "index",
                "value": {
                  "value": 0,
                  "type": "number"
                }
              },
              {
                "type": "get_attr",
                "value": "user_account"
              },
              {
                "type": "index",
                "value": {
                  "value": 0,
                  "type": "number"
                }
              },
              {
                "type": "get_attr",
                "value": "password"
              }
            ]
          ],
          "identity_schema_version": 0,
          "private": "bnVsbA=="
        },
        {
          "index_key": "k3s-server-01",
          "schema_version": 0,
          "attributes": {
            "acpi": true,
            "agent": [],
            "amd_sev": [],
            "audio_device": [],
            "bios": "seabios",
            "boot_order": [
              "scsi0"
            ],
            "cdrom": [],
            "clone": [
              {
                "datastore_id": "",
                "full": true,
                "node_name": "",
                "retries": 1,
                "vm_id": 9000
              }
            ],
            "cpu": [
              {
                "affinity": "",
                "architecture": "",
                "cores": 2,
                "flags": null,
                "hotplugged": 0,
                "limit": 0,
                "numa": false,
                "sockets": 1,
                "type": "x86-64-v3",
                "units": 0
              }
            ],
            "delete_unreferenced_disks_on_destroy": true,
            "description": null,
            "disk": [
              {
                "aio": "io_uring",
                "backup": true,
                "cache": "none",
                "datastore_id": "local-lvm",
                "discard": "on",
                "file_format": "raw",
                "file_id": "",
                "import_from": "",
                "interface": "scsi0",
                "iothread": false,
                "path_in_datastore": "vm-103-disk-0",
                "replicate": true,
                "serial": "",
                "size": 20,
                "speed": [],
                "ssd": false
              }
            ],
            "efi_disk": [],
            "hook_script_file_id": null,
            "hostpci": [],
            "hotplug": null,
            "id": "103",
            "initialization": [
              {
                "datastore_id": "local-lvm",
                "dns": [],
                "file_format": "",
                "interface": "ide2",
                "ip_config": [
                  {
                    "ipv4": [
                      {
                        "address": "192.168.178.110/24",
                        "gateway": "192.168.178.1"
                      }
                    ],
                    "ipv6": []
                  }
                ],
                "meta_data_file_id": "",
                "network_data_file_id": "",
                "type": "",
                "upgrade": true,
                "user_account": [
                  {
                    "keys": [
                      "ssh-ed25519 AAAAC3NzaC1lZDI1NTE5AAAAIDlAUl50/xTUaHB5c1mCTEKvGPJ5AK8LM41kfJMcVCz7"
                    ],
                    "password": "",
                    "username": "ubuntu"
                  }
                ],
                "user_data_file_id": "",
                "vendor_data_file_id": ""
              }
            ],
            "ipv4_addresses": [],
            "ipv6_addresses": [],
            "keyboard_layout": "en-us",
            "kvm_arguments": null,
            "mac_addresses": [],
            "machine": null,
            "memory": [
              {
                "dedicated": 2048,
                "floating": 0,
                "hugepages": "",
                "keep_hugepages": false,
                "shared": 0
              }
            ],
            "migrate": false,
            "name": "k3s-server-01",
            "network_device": [
              {
                "bridge": "vmbr0",
                "disconnected": false,
                "enabled": true,
                "firewall": false,
                "mac_address": "BC:24:11:57:03:91",
                "model": "virtio",
                "mtu": 0,
                "queues": 0,
                "rate_limit": 0,
                "trunks": "",
                "vlan_id": 0
              }
            ],
            "network_interface_names": [],
            "node_name": "Pve",
            "numa": [],
            "on_boot": true,
            "operating_system": [
              {
                "type": "l26"
              }
            ],
            "pool_id": "",
            "protection": false,
            "purge_on_destroy": true,
            "reboot": false,
            "reboot_after_update": true,
            "rng": [],
            "scsi_hardware": "virtio-scsi-pci",
            "serial_device": [],
            "smbios": [],
            "started": true,
            "startup": [],
            "stop_on_destroy": false,
            "tablet_device": true,
            "tags": [
              "k3s",
              "server"
            ],
            "template": false,
            "timeout_clone": 1800,
            "timeout_create": 1800,
            "timeout_migrate": 1800,
            "timeout_move_disk": 1800,
            "timeout_reboot": 1800,
            "timeout_shutdown_vm": 1800,
            "timeout_start_vm": 1800,
            "timeout_stop_vm": 300,
            "tpm_state": [],
            "usb": [],
            "vga": [
              {
                "clipboard": "",
                "memory": 16,
                "type": "serial0"
              }
            ],
            "virtiofs": [],
            "vm_id": 103,
            "watchdog": []
          },
          "sensitive_attributes": [
            [
              {
                "type": "get_attr",
                "value": "initialization"
              },
              {
                "type": "index",
                "value": {
                  "value": 0,
                  "type": "number"
                }
              },
              {
                "type": "get_attr",
                "value": "user_account"
              },
              {
                "type": "index",
                "value": {
                  "value": 0,
                  "type": "number"
                }
              },
              {
                "type": "get_attr",
                "value": "password"
              }
            ]
          ],
          "identity_schema_version": 0,
          "private": "bnVsbA=="
        }
      ]
    }
  ],
  "check_results": null
}
